[
  {
    "name": "code-spell-checker-german",
    "publisher": "streetsidesoftware",
    "version": "2.3.4",
    "sha256": "0jsc8k9wdqcifzdd13wkk91wqhr4nvm28c9ff3c0pcqfh2zirkfd"
  },
  {
    "name": "flowistry",
    "publisher": "wcrichton",
    "version": "0.5.42",
    "sha256": "05p5as8nizr6wamjd8snfvkmfcswhyxm5nrvv1ri789fsbqi4ws8"
  },
  {
    "name": "gltf-vscode",
    "publisher": "cesium",
    "version": "2.5.1",
    "sha256": "0963mnvavpad5im5x2kr665lfyvhinvnq3krr8aszfy4xm01hn0h"
  },
  {
    "name": "kotlin",
    "publisher": "fwcd",
    "version": "0.2.36",
    "sha256": "1cwncjvarq3g0cmn9afdd15s81nms0kcawnj3midhr4hchap2aml"
  },
  {
    "name": "one-dark-vibrant",
    "publisher": "Mordrag",
    "version": "0.0.4",
    "sha256": "0wd3ik6aspmdbylwshbkw2cmckyyf6n98d3anai5mvwyvidfymwb"
  },
  {
    "name": "parol-vscode",
    "publisher": "jsinger67",
    "version": "0.4.0",
    "sha256": "0axp9ry8z4z2i19h9lmfhk772dd84m0kw4bdwinkn3xm3hsy7f1m"
  },
  {
    "name": "sublime-keybindings",
    "publisher": "ms-vscode",
    "version": "4.1.10",
    "sha256": "0zfyv2l9q5vqy2knvlyxzsmlwaji4mz2q5az2fnzz641gdx20njy"
  },
  {
    "name": "texlab",
    "publisher": "efoerster",
    "version": "5.23.1",
    "sha256": "0jhf7nqyi4i7k210kgpvibzd3xabnkhcr587z472vh368jlnk9kw"
  },
  {
    "name": "vscode-nickel",
    "publisher": "tweag",
    "version": "0.5.0",
    "sha256": "19p4k1pr3aw9dkbi4d74qmp47p9mm6f3v31rk8dsw8kzqaqn6shn"
  },
  {
    "name": "vscode-tabby",
    "publisher": "tabbyml",
    "version": "1.28.0",
    "sha256": "05ns1bi1zb28k19pdsrdmmlwxhw9sncz876w7ykcgs4gqjv0dqa2"
  },
  {
    "name": "wgsl",
    "publisher": "PolyMeilex",
    "version": "0.1.17",
    "sha256": "1320ykimlbxl9jn9rcjqa376n5x28ir3lwg23jxd3h7pp9baysmw"
  }
]