[
  {
    "name": "gltf-vscode",
    "publisher": "cesium",
    "version": "2.5.1",
    "sha256": "0963mnvavpad5im5x2kr665lfyvhinvnq3krr8aszfy4xm01hn0h"
  },
  {
    "name": "texlab",
    "publisher": "efoerster",
    "version": "5.21.0",
    "sha256": "15sbdv2h488wb459rz8p3hdvf3kwbv3rr0vpb9ask9cqdcr32rf4"
  },
  {
    "name": "kotlin",
    "publisher": "fwcd",
    "version": "0.2.36",
    "sha256": "1cwncjvarq3g0cmn9afdd15s81nms0kcawnj3midhr4hchap2aml"
  },
  {
    "name": "parol-vscode",
    "publisher": "jsinger67",
    "version": "0.3.2",
    "sha256": "106prkx9sdl957d1gl24ypg4k9ylkih5bspa1ya5mylhy6d2k7qh"
  },
  {
    "name": "one-dark-vibrant",
    "publisher": "Mordrag",
    "version": "0.0.4",
    "sha256": "0wd3ik6aspmdbylwshbkw2cmckyyf6n98d3anai5mvwyvidfymwb"
  },
  {
    "name": "sublime-keybindings",
    "publisher": "ms-vscode",
    "version": "4.1.10",
    "sha256": "0zfyv2l9q5vqy2knvlyxzsmlwaji4mz2q5az2fnzz641gdx20njy"
  },
  {
    "name": "wgsl",
    "publisher": "PolyMeilex",
    "version": "0.1.17",
    "sha256": "1320ykimlbxl9jn9rcjqa376n5x28ir3lwg23jxd3h7pp9baysmw"
  },
  {
    "name": "code-spell-checker-german",
    "publisher": "streetsidesoftware",
    "version": "2.3.2",
    "sha256": "17nmgmvrdy5h2sbf4bphryn06q5km40fc1kfqif0z8hd4zmrqhz3"
  },
  {
    "name": "vscode-tabby",
    "publisher": "tabbyml",
    "version": "1.19.1",
    "sha256": "1g9ysxz2kac1ppy8fj00wkwag3c84g6pc43d5m0qjk8326vj626k"
  },
  {
    "name": "vscode-nickel",
    "publisher": "tweag",
    "version": "0.3.0",
    "sha256": "11caqvxayj22k4rsb4mf26q1q3vgnqpf6132yzqivm3r31zm0yrs"
  },
  {
    "name": "flowistry",
    "publisher": "wcrichton",
    "version": "0.5.42",
    "sha256": "05p5as8nizr6wamjd8snfvkmfcswhyxm5nrvv1ri789fsbqi4ws8"
  }
]