{
  "intel-oneapi-compiler-dpcpp-cpp-2025.3": {
    "url": "https://apt.repos.intel.com/oneapi/pool/main/intel-oneapi-compiler-dpcpp-cpp-2025.3-2025.3.1-760_amd64.deb",
    "hash": "sha256-7WHBUxQjI94rU7aRl7fR/auW/OUMtl3ab3kYjcJ/YnA="
  },
  "intel-oneapi-compiler-dpcpp-cpp-and-cpp-classic-2023.2.4": {
    "url": "https://apt.repos.intel.com/oneapi/pool/main/intel-oneapi-compiler-dpcpp-cpp-and-cpp-classic-2023.2.4-2023.2.4-49553_amd64.deb",
    "hash": "sha256-hqY7QJyah3A9/3uzvBTebAu6qBgj+QWTmilLL0a6idc="
  },
  "intel-oneapi-compiler-dpcpp-cpp-and-cpp-classic-common-2023.2.4": {
    "url": "https://apt.repos.intel.com/oneapi/pool/main/intel-oneapi-compiler-dpcpp-cpp-and-cpp-classic-common-2023.2.4-2023.2.4-49553_all.deb",
    "hash": "sha256-svPb1QNVT3i14/Lv64R1sF1X+Z/ufJ4OyZmZk2jFNoU="
  },
  "intel-oneapi-compiler-dpcpp-cpp-and-cpp-classic-runtime-2023.2.4": {
    "url": "https://apt.repos.intel.com/oneapi/pool/main/intel-oneapi-compiler-dpcpp-cpp-and-cpp-classic-runtime-2023.2.4-2023.2.4-49553_amd64.deb",
    "hash": "sha256-OmzPp1RQoIMfQulwHujSvaBFSdhJRXcg/20wfXWI+q4="
  },
  "intel-oneapi-compiler-dpcpp-cpp-common-2025.3": {
    "url": "https://apt.repos.intel.com/oneapi/pool/main/intel-oneapi-compiler-dpcpp-cpp-common-2025.3-2025.3.1-760_all.deb",
    "hash": "sha256-Zw7CISNq/oTYB5XQqy+ttlcl8jzBYPPNg83dMu95ygc="
  },
  "intel-oneapi-compiler-dpcpp-cpp-runtime-2025.3": {
    "url": "https://apt.repos.intel.com/oneapi/pool/main/intel-oneapi-compiler-dpcpp-cpp-runtime-2025.3-2025.3.1-760_amd64.deb",
    "hash": "sha256-RXhToxLKHaWOXFp3JnToVakvD6DHSNgSqvLMm7FguU8="
  },
  "intel-oneapi-compiler-shared-2025.3": {
    "url": "https://apt.repos.intel.com/oneapi/pool/main/intel-oneapi-compiler-shared-2025.3-2025.3.1-760_amd64.deb",
    "hash": "sha256-ip8IvuLaS5Qb7Zw0BahUPG50f3O+sj3Wr11zzATpfN4="
  },
  "intel-oneapi-compiler-shared-common-2025.3": {
    "url": "https://apt.repos.intel.com/oneapi/pool/main/intel-oneapi-compiler-shared-common-2025.3-2025.3.1-760_all.deb",
    "hash": "sha256-DMZTbiuzei6vOx+ddeBnDsC9Va0RlWtf3lS6kHHUsy4="
  },
  "intel-oneapi-compiler-shared-runtime-2025.3": {
    "url": "https://apt.repos.intel.com/oneapi/pool/main/intel-oneapi-compiler-shared-runtime-2025.3-2025.3.1-760_amd64.deb",
    "hash": "sha256-ZkafdfWSUIBd5mkpevWQ0p/jKmkfRhPLu9Uf/gwZPNs="
  },
  "intel-oneapi-dpcpp-cpp-2025.3": {
    "url": "https://apt.repos.intel.com/oneapi/pool/main/intel-oneapi-dpcpp-cpp-2025.3-2025.3.1-760_amd64.deb",
    "hash": "sha256-8LtCdsjHUIdCJ2mT4K5yPjkNE2Xpk8Q4FbLNNkUuZeo="
  },
  "intel-oneapi-openmp-2025.3": {
    "url": "https://apt.repos.intel.com/oneapi/pool/main/intel-oneapi-openmp-2025.3-2025.3.1-760_amd64.deb",
    "hash": "sha256-I4UIXsMvLXYS+EiszbNDUEU43RqjrJO+DzISQC2nm0o="
  },
  "intel-oneapi-openmp-common-2025.3": {
    "url": "https://apt.repos.intel.com/oneapi/pool/main/intel-oneapi-openmp-common-2025.3-2025.3.1-760_all.deb",
    "hash": "sha256-WYmbh2BG1P3neSlIXxVFFrynwVdoi+MCR3gVg5cbDDY="
  }
}