[
  {
    "slug": "bib-kit",
    "name": "Bib Kit",
    "version": "0.1.2",
    "addonId": "{a85febca-472c-4ccf-aea0-204fd08feaf9}",
    "url": "https://addons.mozilla.org/firefox/downloads/file/4100741/bib_kit-0.1.2.xpi",
    "sha256": "sha256:75164133b1f8d5711d35a83fafcd8cd627c14059a51f82666f2fb4ad488c3b88",
    "homepage": "https://github.com/MordragT/bib_kit",
    "description": "Instantly create hayagriva bibliography items from websites.",
    "license": "MIT"
  },
  {
    "slug": "bibitnow",
    "name": "BibItNow!",
    "version": "0.908",
    "addonId": "bibitnow018@aqpl.mc2.chalmers.se",
    "url": "https://addons.mozilla.org/firefox/downloads/file/3937047/bibitnow-0.908.xpi",
    "sha256": "sha256:4085a04cb0fe595677fa5b7fa630d817e09188ccfbfcd3586ccc162efea67467",
    "homepage": "https://github.com/Langenscheiss",
    "description": "Instantly creates a Bibtex, RIS, Endnote, APA, MLA or (B)Arnold S. or any user-defined bibliography item, or a user-defined link from abstract pages of scientific journal articles, books and theses, or from news pages and generic websites!",
    "license": "MPL-2.0"
  },
  {
    "slug": "brave-search",
    "name": "Brave search",
    "version": "1.3.0",
    "addonId": "BraveSearchExtension@io.Uvera",
    "url": "https://addons.mozilla.org/firefox/downloads/file/4278495/brave_search-1.3.0.xpi",
    "sha256": "sha256:37c5c566423547ea44ec71771d03c98544e2d93fa0f211d5c0a54a782091a67a",
    "homepage": "https://github.com/uvera/firefox-extension-brave-search",
    "description": "Adds Brave search as a search engine.",
    "license": "MIT"
  },
  {
    "slug": "csgofloat",
    "name": "CSFloat Market Checker",
    "version": "5.6.1",
    "addonId": "{194d0dc6-7ada-41c6-88b8-95d7636fe43c}",
    "url": "https://addons.mozilla.org/firefox/downloads/file/4507157/csgofloat-5.6.1.xpi",
    "sha256": "sha256:d60d09ddc1202d2e1601dc94d6a3af61ce803ee6bc0e4bcea29c5808df635341",
    "homepage": "https://csgofloat.com",
    "description": "Shows the float value, paint seed, and screenshots of Counter-Strike (CS:GO &amp; CS2) items on the Steam Market or Inventories",
    "license": "MIT"
  },
  {
    "slug": "private-internet-access-ext",
    "name": "Private Internet Access",
    "version": "4.0.5",
    "addonId": "{3e4d2037-d300-4e95-859d-3cba866f46d3}",
    "url": "https://addons.mozilla.org/firefox/downloads/file/4409196/private_internet_access_ext-4.0.5.xpi",
    "sha256": "sha256:21cc78a366a1dea1e230b22e81b5be3d0d2b05064513398437ff43c501b727dd",
    "homepage": "https://privateinternetaccess.com/",
    "description": "Defeat censorship, unblock any website and access the open Internet the way it was meant to be with Private Internet Access®",
    "license": "MIT"
  },
  {
    "slug": "skinport-plus",
    "name": "Skinport Plus",
    "version": "25.5.1",
    "addonId": "{46da1da2-d8cd-42b2-b6d6-dfc312231d15}",
    "url": "https://addons.mozilla.org/firefox/downloads/file/4484878/skinport_plus-25.5.1.xpi",
    "sha256": "sha256:dc4ee91c9751e4b1ab7cb3083803fe7b53631f4fe4af2a9dfa60c35359aab6f1",
    "homepage": "https://addons.mozilla.org/en-US/firefox/addon/skinport-plus/",
    "description": "Enhance your trading experience on Skinport and Steam with Skinport Plus.",
    "license": "all-rights-reserved"
  }
]