[
  {
    "slug": "addon-7tv-extension",
    "name": "7TV",
    "version": "3.1.15",
    "addonId": "moz-addon-prod@7tv.app",
    "url": "https://addons.mozilla.org/firefox/downloads/file/4629657/7tv_extension-3.1.15.xpi",
    "sha256": "sha256:eebcbd93cfd727c576b52789d978f1aff8dc03b6dab1d38d5acd5f4e4b6c974d",
    "homepage": "https://7tv.app",
    "description": "Improve your viewing experience on Twitch &amp; YouTube with new features, emotes, vanity and performance.",
    "license": "Apache-2.0"
  },
  {
    "slug": "bib-kit",
    "name": "Bib Kit",
    "version": "0.1.2",
    "addonId": "{a85febca-472c-4ccf-aea0-204fd08feaf9}",
    "url": "https://addons.mozilla.org/firefox/downloads/file/4100741/bib_kit-0.1.2.xpi",
    "sha256": "sha256:75164133b1f8d5711d35a83fafcd8cd627c14059a51f82666f2fb4ad488c3b88",
    "homepage": "https://github.com/MordragT/bib_kit",
    "description": "Instantly create hayagriva bibliography items from websites.",
    "license": "MIT"
  },
  {
    "slug": "bibitnow",
    "name": "BibItNow!",
    "version": "0.908",
    "addonId": "bibitnow018@aqpl.mc2.chalmers.se",
    "url": "https://addons.mozilla.org/firefox/downloads/file/3937047/bibitnow-0.908.xpi",
    "sha256": "sha256:4085a04cb0fe595677fa5b7fa630d817e09188ccfbfcd3586ccc162efea67467",
    "homepage": "https://github.com/Langenscheiss",
    "description": "Instantly creates a Bibtex, RIS, Endnote, APA, MLA or (B)Arnold S. or any user-defined bibliography item, or a user-defined link from abstract pages of scientific journal articles, books and theses, or from news pages and generic websites!",
    "license": "MPL-2.0"
  },
  {
    "slug": "bitwarden-password-manager",
    "name": "Bitwarden Password Manager",
    "version": "2025.12.0",
    "addonId": "{446900e4-71c2-419f-a6a7-df9c091e268b}",
    "url": "https://addons.mozilla.org/firefox/downloads/file/4640726/bitwarden_password_manager-2025.12.0.xpi",
    "sha256": "sha256:0256a61e84e23903fd379f5971150a8b23a53a126da62d276d57e514408839cd",
    "homepage": "https://bitwarden.com",
    "description": "At home, at work, or on the go, Bitwarden easily secures all your passwords, passkeys, and sensitive information.",
    "license": "GPL-3.0-only"
  },
  {
    "slug": "brave-search",
    "name": "Brave search - Private Search Engine",
    "version": "1.3.0",
    "addonId": "BraveSearchExtension@io.Uvera",
    "url": "https://addons.mozilla.org/firefox/downloads/file/4278495/brave_search-1.3.0.xpi",
    "sha256": "sha256:37c5c566423547ea44ec71771d03c98544e2d93fa0f211d5c0a54a782091a67a",
    "homepage": "https://search.brave.com/",
    "description": "Private, independent search for everything you do online. No profiling, no bias, no Big Tech. Now with a powerful Answer Engine, easy options to customize results ranking, and more.",
    "license": "MIT"
  },
  {
    "slug": "csgofloat",
    "name": "CSFloat Market Checker",
    "version": "5.9.3",
    "addonId": "{194d0dc6-7ada-41c6-88b8-95d7636fe43c}",
    "url": "https://addons.mozilla.org/firefox/downloads/file/4627404/csgofloat-5.9.3.xpi",
    "sha256": "sha256:e95fa49cee8640756e6b4ee7176889621b755df0c296a1439b2e7f7da06a8c4b",
    "homepage": "https://csgofloat.com",
    "description": "Shows the float value, paint seed, and screenshots of Counter-Strike (CS:GO &amp; CS2) items on the Steam Market or Inventories",
    "license": "MIT"
  },
  {
    "slug": "ghostery",
    "name": "Ghostery – Privacy Ad Blocker",
    "version": "10.5.24",
    "addonId": "firefox@ghostery.com",
    "url": "https://addons.mozilla.org/firefox/downloads/file/4653652/ghostery-10.5.24.xpi",
    "sha256": "sha256:e1410f10b5f699c75beb5a965b6e728bb77827ccaea8bbf0e8dca4c0b0321cef",
    "homepage": "http://www.ghostery.com/",
    "description": "The best privacy tool and ad blocker extension for Firefox. Stop trackers, speed up websites and block ads everywhere including YouTube and Facebook.",
    "license": "MPL-2.0"
  },
  {
    "slug": "private-internet-access-ext",
    "name": "Private Internet Access",
    "version": "4.0.5",
    "addonId": "{3e4d2037-d300-4e95-859d-3cba866f46d3}",
    "url": "https://addons.mozilla.org/firefox/downloads/file/4409196/private_internet_access_ext-4.0.5.xpi",
    "sha256": "sha256:21cc78a366a1dea1e230b22e81b5be3d0d2b05064513398437ff43c501b727dd",
    "homepage": "https://privateinternetaccess.com/",
    "description": "Defeat censorship, unblock any website and access the open Internet the way it was meant to be with Private Internet Access®",
    "license": "MIT"
  },
  {
    "slug": "proton-vpn-firefox-extension",
    "name": "Proton VPN: Fast & Secure",
    "version": "1.2.13",
    "addonId": "vpn@proton.ch",
    "url": "https://addons.mozilla.org/firefox/downloads/file/4643086/proton_vpn_firefox_extension-1.2.13.xpi",
    "sha256": "sha256:f300dea219aa183102c35d5f3d5cc82f7ab78e5545380853bd09dc8662aac147",
    "homepage": "https://protonvpn.com/",
    "description": "Secure your internet and protect your online privacy in one click.",
    "license": "GPL-3.0-only"
  },
  {
    "slug": "rust-search-extension",
    "name": "Rust Search Extension",
    "version": "2.0.2",
    "addonId": "{04188724-64d3-497b-a4fd-7caffe6eab29}",
    "url": "https://addons.mozilla.org/firefox/downloads/file/4435641/rust_search_extension-2.0.2.xpi",
    "sha256": "sha256:10f521001a9fd9c7b8c5f8133daa74de01a5db33fb283b6b472b49c183e8418c",
    "homepage": "https://rust.extension.sh",
    "description": "The ultimate search extension for Rust\n\nSearch std docs, crates, builtin attributes, official books, and error codes, etc in your address bar instantly.\nhttps://rust.extension.sh",
    "license": "MPL-2.0"
  },
  {
    "slug": "sidebery",
    "name": "Sidebery",
    "version": "5.4.0",
    "addonId": "{3c078156-979c-498b-8990-85f7987dd929}",
    "url": "https://addons.mozilla.org/firefox/downloads/file/4613339/sidebery-5.4.0.xpi",
    "sha256": "sha256:184a3157df4c5b018daff5c63b8bea120f6d34e6f298c0fbed968b092508f599",
    "homepage": "https://github.com/mbnuqw/sidebery",
    "description": "Vertical tabs tree and bookmarks in sidebar with advanced containers configuration, grouping and many other features.",
    "license": "MIT"
  },
  {
    "slug": "skinport-plus",
    "name": "Skinport Plus",
    "version": "25.9.26",
    "addonId": "{46da1da2-d8cd-42b2-b6d6-dfc312231d15}",
    "url": "https://addons.mozilla.org/firefox/downloads/file/4586072/skinport_plus-25.9.26.xpi",
    "sha256": "sha256:d0130634b75313bcdaba647c35f7f8c2762ea2439466aadac1851b836a4fbf86",
    "homepage": "https://addons.mozilla.org/en-US/firefox/addon/skinport-plus/",
    "description": "Enhance your trading experience on Skinport and Steam with Skinport Plus.",
    "license": "all-rights-reserved"
  },
  {
    "slug": "sponsorblock",
    "name": "SponsorBlock - Skip Sponsorships on YouTube",
    "version": "6.1.2",
    "addonId": "sponsorBlocker@ajay.app",
    "url": "https://addons.mozilla.org/firefox/downloads/file/4644570/sponsorblock-6.1.2.xpi",
    "sha256": "sha256:598f66c9eb6bbab2bd5f87376b632a5860f442d3694e233610f5b37f8b6e3f10",
    "homepage": "https://sponsor.ajay.app",
    "description": "Easily skip YouTube video sponsors. When you visit a YouTube video, the extension will check the database for reported sponsors and automatically skip known sponsors. You can also report sponsors in videos. Other browsers: https://sponsor.ajay.app",
    "license": "LGPL-3.0-only"
  },
  {
    "slug": "ublock-origin",
    "name": "uBlock Origin",
    "version": "1.68.0",
    "addonId": "uBlock0@raymondhill.net",
    "url": "https://addons.mozilla.org/firefox/downloads/file/4629131/ublock_origin-1.68.0.xpi",
    "sha256": "sha256:5caf4abda494018841222a12156919bbdd8cad82a783c38c36b22dd642704315",
    "homepage": "https://github.com/gorhill/uBlock#ublock-origin",
    "description": "Finally, an efficient wide-spectrum content blocker. Easy on CPU and memory.",
    "license": "GPL-3.0-only"
  },
  {
    "slug": "youtube-shorts-block",
    "name": "Youtube-shorts block",
    "version": "1.5.3",
    "addonId": "{34daeb50-c2d2-4f14-886a-7160b24d66a4}",
    "url": "https://addons.mozilla.org/firefox/downloads/file/4487339/youtube_shorts_block-1.5.3.xpi",
    "sha256": "sha256:774896393bc782db2d79992a337d782963766365723c4bbab73d53a63feb2043",
    "homepage": "https://addons.mozilla.org/en-US/firefox/addon/youtube-shorts-block/",
    "description": "Play the Youtube shorts video as if it were a normal video.\nand hide \"shorts\"tab and videos (optional).",
    "license": "MIT"
  }
]