{
  "nodes": {
    "agenix": {
      "inputs": {
        "darwin": "darwin",
        "nixpkgs": [
          "nixpkgs"
        ]
      },
      "locked": {
        "lastModified": 1682101079,
        "narHash": "sha256-MdAhtjrLKnk2uiqun1FWABbKpLH090oeqCSiWemtuck=",
        "owner": "ryantm",
        "repo": "agenix",
        "rev": "2994d002dcff5353ca1ac48ec584c7f6589fe447",
        "type": "github"
      },
      "original": {
        "owner": "ryantm",
        "repo": "agenix",
        "type": "github"
      }
    },
    "comoji": {
      "inputs": {
        "nixpkgs": [
          "nixpkgs"
        ],
        "utils": "utils"
      },
      "locked": {
        "lastModified": 1682119085,
        "narHash": "sha256-QftLcoA8/sp+2suFOJG0gyDhj5TBHxXyIGfoEjwobJ0=",
        "owner": "MordragT",
        "repo": "comoji",
        "rev": "ae6f41991d2766046e0c596e33679e0a5bb7fdc1",
        "type": "github"
      },
      "original": {
        "owner": "MordragT",
        "repo": "comoji",
        "type": "github"
      }
    },
    "darwin": {
      "inputs": {
        "nixpkgs": [
          "agenix",
          "nixpkgs"
        ]
      },
      "locked": {
        "lastModified": 1673295039,
        "narHash": "sha256-AsdYgE8/GPwcelGgrntlijMg4t3hLFJFCRF3tL5WVjA=",
        "owner": "lnl7",
        "repo": "nix-darwin",
        "rev": "87b9d090ad39b25b2400029c64825fc2a8868943",
        "type": "github"
      },
      "original": {
        "owner": "lnl7",
        "ref": "master",
        "repo": "nix-darwin",
        "type": "github"
      }
    },
    "fenix": {
      "inputs": {
        "nixpkgs": [
          "nixpkgs"
        ],
        "rust-analyzer-src": "rust-analyzer-src"
      },
      "locked": {
        "lastModified": 1682038649,
        "narHash": "sha256-HwGwWLMKdIT24xhDf+mRoCehA8yUlLmuJgS9JeMt4IM=",
        "owner": "nix-community",
        "repo": "fenix",
        "rev": "37b3a6dad6d6060bd305eb7d3628d3b476c87bb6",
        "type": "github"
      },
      "original": {
        "owner": "nix-community",
        "ref": "monthly",
        "repo": "fenix",
        "type": "github"
      }
    },
    "fenix_2": {
      "inputs": {
        "nixpkgs": "nixpkgs",
        "rust-analyzer-src": "rust-analyzer-src_2"
      },
      "locked": {
        "lastModified": 1675837392,
        "narHash": "sha256-+QAYahdgiAKehHnWxRp/Nz+uUzydDBMoaIuU4YpbOpQ=",
        "owner": "nix-community",
        "repo": "fenix",
        "rev": "9d9adba756844591b170db22412059bfe1e4ca87",
        "type": "github"
      },
      "original": {
        "owner": "nix-community",
        "repo": "fenix",
        "type": "github"
      }
    },
    "flake-compat": {
      "flake": false,
      "locked": {
        "lastModified": 1673956053,
        "narHash": "sha256-4gtG9iQuiKITOjNQQeQIpoIB6b16fm+504Ch3sNKLd8=",
        "owner": "edolstra",
        "repo": "flake-compat",
        "rev": "35bb57c0c8d8b62bbfd284272c928ceb64ddbde9",
        "type": "github"
      },
      "original": {
        "owner": "edolstra",
        "repo": "flake-compat",
        "type": "github"
      }
    },
    "flake-utils": {
      "inputs": {
        "systems": "systems_2"
      },
      "locked": {
        "lastModified": 1681202837,
        "narHash": "sha256-H+Rh19JDwRtpVPAWp64F+rlEtxUWBAQW28eAi3SRSzg=",
        "owner": "numtide",
        "repo": "flake-utils",
        "rev": "cfacdce06f30d2b68473a46042957675eebb3401",
        "type": "github"
      },
      "original": {
        "owner": "numtide",
        "repo": "flake-utils",
        "type": "github"
      }
    },
    "gomod2nix": {
      "inputs": {
        "nixpkgs": [
          "nixpkgs"
        ],
        "utils": "utils_2"
      },
      "locked": {
        "lastModified": 1677459247,
        "narHash": "sha256-JbakfAiPYmCCV224yAMq/XO0udN5coWv/oazblMKdoY=",
        "owner": "tweag",
        "repo": "gomod2nix",
        "rev": "3cbf3a51fe32e2f57af4c52744e7228bab22983d",
        "type": "github"
      },
      "original": {
        "owner": "tweag",
        "repo": "gomod2nix",
        "type": "github"
      }
    },
    "home-manager": {
      "inputs": {
        "nixpkgs": [
          "nixpkgs"
        ]
      },
      "locked": {
        "lastModified": 1682535786,
        "narHash": "sha256-NH2a8yB8V25cglvcHDrvaTLvohzMgGLLZ4vnXQn4vOw=",
        "owner": "nix-community",
        "repo": "home-manager",
        "rev": "d82c9af8175878a461a0fdf914e67cc446664570",
        "type": "github"
      },
      "original": {
        "owner": "nix-community",
        "repo": "home-manager",
        "type": "github"
      }
    },
    "hua": {
      "inputs": {
        "fenix": "fenix_2",
        "nixpkgs": [
          "nixpkgs"
        ],
        "utils": "utils_3"
      },
      "locked": {
        "lastModified": 1682169521,
        "narHash": "sha256-dKL3+DvSVC25IkPMJWU0W3nq/204nY3rVklfELNGimA=",
        "owner": "MordragT",
        "repo": "hua",
        "rev": "9ede072b0647fb7b2f22bc84bbad2ce3b3e8ef14",
        "type": "github"
      },
      "original": {
        "owner": "MordragT",
        "repo": "hua",
        "type": "github"
      }
    },
    "js-bp": {
      "inputs": {
        "nixpkgs": [
          "nixpkgs"
        ]
      },
      "locked": {
        "lastModified": 1677562139,
        "narHash": "sha256-J39FdMjECbWGSXVHmEdyGBD2aRYGhg9bWEPf1/ZR47k=",
        "owner": "serokell",
        "repo": "nix-npm-buildpackage",
        "rev": "d45296118cae672982f192451dd3e19fa6c2d068",
        "type": "github"
      },
      "original": {
        "owner": "serokell",
        "repo": "nix-npm-buildpackage",
        "type": "github"
      }
    },
    "nix-alien": {
      "inputs": {
        "flake-compat": "flake-compat",
        "flake-utils": "flake-utils",
        "nix-index-database": "nix-index-database",
        "nixpkgs": [
          "nixpkgs"
        ]
      },
      "locked": {
        "lastModified": 1681752940,
        "narHash": "sha256-uegeLPvgUf9H9kfG4Lc5GGbsD9LDT+CanzhRmiJQ0jI=",
        "owner": "thiagokokada",
        "repo": "nix-alien",
        "rev": "d21dd02c359123041f2fa513a1945eeee8ae1850",
        "type": "github"
      },
      "original": {
        "owner": "thiagokokada",
        "repo": "nix-alien",
        "type": "github"
      }
    },
    "nix-index-database": {
      "inputs": {
        "nixpkgs": [
          "nix-alien",
          "nixpkgs"
        ]
      },
      "locked": {
        "lastModified": 1681460490,
        "narHash": "sha256-uA5IvXUPV3LboIyjGrPYvNuaShxWR7hDjZC6aXY5z4o=",
        "owner": "Mic92",
        "repo": "nix-index-database",
        "rev": "375ed1ce48ee67f528fda03acdf99fd542df41c6",
        "type": "github"
      },
      "original": {
        "owner": "Mic92",
        "repo": "nix-index-database",
        "type": "github"
      }
    },
    "nixpkgs": {
      "locked": {
        "lastModified": 1675673983,
        "narHash": "sha256-8hzNh1jtiPxL5r3ICNzSmpSzV7kGb3KwX+FS5BWJUTo=",
        "owner": "nixos",
        "repo": "nixpkgs",
        "rev": "5a350a8f31bb7ef0c6e79aea3795a890cf7743d4",
        "type": "github"
      },
      "original": {
        "owner": "nixos",
        "ref": "nixos-unstable",
        "repo": "nixpkgs",
        "type": "github"
      }
    },
    "nixpkgs_2": {
      "locked": {
        "lastModified": 1682526928,
        "narHash": "sha256-2cKh4O6t1rQ8Ok+v16URynmb0rV7oZPEbXkU0owNLQs=",
        "owner": "NixOS",
        "repo": "nixpkgs",
        "rev": "d6b863fd9b7bb962e6f9fdf292419a775e772891",
        "type": "github"
      },
      "original": {
        "id": "nixpkgs",
        "ref": "nixos-unstable",
        "type": "indirect"
      }
    },
    "nur": {
      "locked": {
        "lastModified": 1682600263,
        "narHash": "sha256-7ZGBnt5IxxxHgx4TQtMBaJwDTs9KELAqLXFVA/emzCI=",
        "owner": "nix-community",
        "repo": "NUR",
        "rev": "c425925edd5463d169de20c484546cbcbe975c28",
        "type": "github"
      },
      "original": {
        "owner": "nix-community",
        "repo": "NUR",
        "type": "github"
      }
    },
    "root": {
      "inputs": {
        "agenix": "agenix",
        "comoji": "comoji",
        "fenix": "fenix",
        "gomod2nix": "gomod2nix",
        "home-manager": "home-manager",
        "hua": "hua",
        "js-bp": "js-bp",
        "nix-alien": "nix-alien",
        "nixpkgs": "nixpkgs_2",
        "nur": "nur",
        "templates": "templates"
      }
    },
    "rust-analyzer-src": {
      "flake": false,
      "locked": {
        "lastModified": 1680267680,
        "narHash": "sha256-atC3zkM5nBXdBFE1+Xoxpm/Ye42j/Rq12IR0qi5+/ao=",
        "owner": "rust-lang",
        "repo": "rust-analyzer",
        "rev": "853fb44a24b8d3341f52747caa949013121b24b4",
        "type": "github"
      },
      "original": {
        "owner": "rust-lang",
        "ref": "nightly",
        "repo": "rust-analyzer",
        "type": "github"
      }
    },
    "rust-analyzer-src_2": {
      "flake": false,
      "locked": {
        "lastModified": 1675790731,
        "narHash": "sha256-2Va2m+9GL+VTP2IRXVgxGmLG1JDFW/5osxqJeEBfISs=",
        "owner": "rust-lang",
        "repo": "rust-analyzer",
        "rev": "7f1234492e3164f9688027278df7e915bc1d919c",
        "type": "github"
      },
      "original": {
        "owner": "rust-lang",
        "ref": "nightly",
        "repo": "rust-analyzer",
        "type": "github"
      }
    },
    "systems": {
      "locked": {
        "lastModified": 1681028828,
        "narHash": "sha256-Vy1rq5AaRuLzOxct8nz4T6wlgyUR7zLU309k9mBC768=",
        "owner": "nix-systems",
        "repo": "default",
        "rev": "da67096a3b9bf56a91d16901293e51ba5b49a27e",
        "type": "github"
      },
      "original": {
        "owner": "nix-systems",
        "repo": "default",
        "type": "github"
      }
    },
    "systems_2": {
      "locked": {
        "lastModified": 1681028828,
        "narHash": "sha256-Vy1rq5AaRuLzOxct8nz4T6wlgyUR7zLU309k9mBC768=",
        "owner": "nix-systems",
        "repo": "default",
        "rev": "da67096a3b9bf56a91d16901293e51ba5b49a27e",
        "type": "github"
      },
      "original": {
        "owner": "nix-systems",
        "repo": "default",
        "type": "github"
      }
    },
    "templates": {
      "locked": {
        "lastModified": 1681339240,
        "narHash": "sha256-Nq4RBxvBTqd23rhpeKdxS+bVBV4e/iN6Em33G3KnosM=",
        "owner": "MordragT",
        "repo": "nix-templates",
        "rev": "a9acbec7f00007cd03612fefeab39bd348dbe5f9",
        "type": "github"
      },
      "original": {
        "owner": "MordragT",
        "repo": "nix-templates",
        "type": "github"
      }
    },
    "utils": {
      "inputs": {
        "systems": "systems"
      },
      "locked": {
        "lastModified": 1681202837,
        "narHash": "sha256-H+Rh19JDwRtpVPAWp64F+rlEtxUWBAQW28eAi3SRSzg=",
        "owner": "numtide",
        "repo": "flake-utils",
        "rev": "cfacdce06f30d2b68473a46042957675eebb3401",
        "type": "github"
      },
      "original": {
        "owner": "numtide",
        "repo": "flake-utils",
        "type": "github"
      }
    },
    "utils_2": {
      "locked": {
        "lastModified": 1653893745,
        "narHash": "sha256-0jntwV3Z8//YwuOjzhV2sgJJPt+HY6KhU7VZUL0fKZQ=",
        "owner": "numtide",
        "repo": "flake-utils",
        "rev": "1ed9fb1935d260de5fe1c2f7ee0ebaae17ed2fa1",
        "type": "github"
      },
      "original": {
        "owner": "numtide",
        "repo": "flake-utils",
        "type": "github"
      }
    },
    "utils_3": {
      "locked": {
        "lastModified": 1667395993,
        "narHash": "sha256-nuEHfE/LcWyuSWnS8t12N1wc105Qtau+/OdUAjtQ0rA=",
        "owner": "numtide",
        "repo": "flake-utils",
        "rev": "5aed5285a952e0b949eb3ba02c12fa4fcfef535f",
        "type": "github"
      },
      "original": {
        "owner": "numtide",
        "repo": "flake-utils",
        "type": "github"
      }
    }
  },
  "root": "root",
  "version": 7
}
