{
  "intel-oneapi-mpi": {
    "url": "https://apt.repos.intel.com/oneapi/pool/main/intel-oneapi-mpi-2021.15.0-493_amd64.deb",
    "hash": "sha256-TTyHOL8li0IHNA5IInLxVXWcuH8P3Vuyld64dlv3AGE="
  },
  "intel-oneapi-mpi-devel": {
    "url": "https://apt.repos.intel.com/oneapi/pool/main/intel-oneapi-mpi-devel-2021.15.0-493_amd64.deb",
    "hash": "sha256-ZQB7axt9tF8GK2apa0plx0AIYXXpArYjWZCumeX0UrU="
  },
  "intel-oneapi-runtime-mpi": {
    "url": "https://apt.repos.intel.com/oneapi/pool/main/intel-oneapi-runtime-mpi-2021.15.0-493_amd64.deb",
    "hash": "sha256-WilLqImDISLhcVlROQmGzxGXaTPebldNt1zq5yv6g1Q="
  }
}