{
  "intel-oneapi-mkl-2025.3": {
    "url": "https://apt.repos.intel.com/oneapi/pool/main/intel-oneapi-mkl-2025.3-2025.3.0-461_amd64.deb",
    "hash": "sha256-asU42W3KPrUcQkr+yWHicezPVUDq08qsrUWraLxBZMU="
  },
  "intel-oneapi-mkl-classic-2025.3": {
    "url": "https://apt.repos.intel.com/oneapi/pool/main/intel-oneapi-mkl-classic-2025.3-2025.3.0-461_amd64.deb",
    "hash": "sha256-C1rvcso34kLS1BCVzxNIZgUG1K3dIcTxS3ZwtCYoTu8="
  },
  "intel-oneapi-mkl-classic-devel-2025.3": {
    "url": "https://apt.repos.intel.com/oneapi/pool/main/intel-oneapi-mkl-classic-devel-2025.3-2025.3.0-461_amd64.deb",
    "hash": "sha256-DbW7ztFW0GU7/f2N1HWrL0YpirmYdEEbGWhG3uBZ1+U="
  },
  "intel-oneapi-mkl-classic-include-2025.3": {
    "url": "https://apt.repos.intel.com/oneapi/pool/main/intel-oneapi-mkl-classic-include-2025.3-2025.3.0-461_amd64.deb",
    "hash": "sha256-pbUREZGVQwW0zvrOCZyEKulHF0UQxruhwECQMJ9uYHw="
  },
  "intel-oneapi-mkl-cluster-2025.3": {
    "url": "https://apt.repos.intel.com/oneapi/pool/main/intel-oneapi-mkl-cluster-2025.3-2025.3.0-461_amd64.deb",
    "hash": "sha256-o69E2+tzfqNYqZ3PKnE3bfs5HCfYzqy/cLuf2soFFw8="
  },
  "intel-oneapi-mkl-cluster-devel-2025.3": {
    "url": "https://apt.repos.intel.com/oneapi/pool/main/intel-oneapi-mkl-cluster-devel-2025.3-2025.3.0-461_amd64.deb",
    "hash": "sha256-6j7njkwAMOdCJXuOviw47DvrnGoxlH0iE+vvyTJU9JM="
  },
  "intel-oneapi-mkl-core-2025.3": {
    "url": "https://apt.repos.intel.com/oneapi/pool/main/intel-oneapi-mkl-core-2025.3-2025.3.0-461_amd64.deb",
    "hash": "sha256-b33o8giK15GlEVXrfCu2P0Fa2lptIMcH7vWlbqehl+4="
  },
  "intel-oneapi-mkl-core-devel-2025.3": {
    "url": "https://apt.repos.intel.com/oneapi/pool/main/intel-oneapi-mkl-core-devel-2025.3-2025.3.0-461_amd64.deb",
    "hash": "sha256-6K1aEA/3Adnnj0smmMhTFXRqCvVdYJONqQv5oPVx7bo="
  },
  "intel-oneapi-mkl-devel-2025.3": {
    "url": "https://apt.repos.intel.com/oneapi/pool/main/intel-oneapi-mkl-devel-2025.3-2025.3.0-461_amd64.deb",
    "hash": "sha256-Iec9etn6NKDdynDYMAVoHOXWA0827FIm1R+Bdg3P9Mk="
  },
  "intel-oneapi-mkl-sycl-2025.3": {
    "url": "https://apt.repos.intel.com/oneapi/pool/main/intel-oneapi-mkl-sycl-2025.3-2025.3.0-461_amd64.deb",
    "hash": "sha256-R6Dl6PFNYrVus2UnWM234pyZdWFEzZXoArfJl470dMQ="
  },
  "intel-oneapi-mkl-sycl-blas-2025.3": {
    "url": "https://apt.repos.intel.com/oneapi/pool/main/intel-oneapi-mkl-sycl-blas-2025.3-2025.3.0-461_amd64.deb",
    "hash": "sha256-HoaqX5ojfcRPa0UnOqbb52cG8eLqOJg173+ERvmgsSY="
  },
  "intel-oneapi-mkl-sycl-data-fitting-2025.3": {
    "url": "https://apt.repos.intel.com/oneapi/pool/main/intel-oneapi-mkl-sycl-data-fitting-2025.3-2025.3.0-461_amd64.deb",
    "hash": "sha256-qGedmKaspMrBEVQkCrACky5LHezuLwZV/NaRofx2cpw="
  },
  "intel-oneapi-mkl-sycl-devel-2025.3": {
    "url": "https://apt.repos.intel.com/oneapi/pool/main/intel-oneapi-mkl-sycl-devel-2025.3-2025.3.0-461_amd64.deb",
    "hash": "sha256-WSaLJs822ANxWlKyS5BXHxoPkSqRGxLiYUvqDGXTsZQ="
  },
  "intel-oneapi-mkl-sycl-dft-2025.3": {
    "url": "https://apt.repos.intel.com/oneapi/pool/main/intel-oneapi-mkl-sycl-dft-2025.3-2025.3.0-461_amd64.deb",
    "hash": "sha256-6l/5I6aYMZtGDP+ea0S1nJ+jreZF1Bdi9FZZmMn65Vg="
  },
  "intel-oneapi-mkl-sycl-include-2025.3": {
    "url": "https://apt.repos.intel.com/oneapi/pool/main/intel-oneapi-mkl-sycl-include-2025.3-2025.3.0-461_amd64.deb",
    "hash": "sha256-nqNcabsIus14dvVlZbX5Ar6gAy9zDZkxV4V9O+P6Mxo="
  },
  "intel-oneapi-mkl-sycl-lapack-2025.3": {
    "url": "https://apt.repos.intel.com/oneapi/pool/main/intel-oneapi-mkl-sycl-lapack-2025.3-2025.3.0-461_amd64.deb",
    "hash": "sha256-+y7HBW9I7PRTnRf5cLUKn4APT8jubYofH4B1xE/hdq0="
  },
  "intel-oneapi-mkl-sycl-rng-2025.3": {
    "url": "https://apt.repos.intel.com/oneapi/pool/main/intel-oneapi-mkl-sycl-rng-2025.3-2025.3.0-461_amd64.deb",
    "hash": "sha256-OMBtcGj8u1N7s5cd0hEQtVevZMA1674agGsa3mDiHcI="
  },
  "intel-oneapi-mkl-sycl-sparse-2025.3": {
    "url": "https://apt.repos.intel.com/oneapi/pool/main/intel-oneapi-mkl-sycl-sparse-2025.3-2025.3.0-461_amd64.deb",
    "hash": "sha256-r4l0AprqHz9T7Avq1qW7PZg6wJTwVxwAk0//nWEI0rI="
  },
  "intel-oneapi-mkl-sycl-stats-2025.3": {
    "url": "https://apt.repos.intel.com/oneapi/pool/main/intel-oneapi-mkl-sycl-stats-2025.3-2025.3.0-461_amd64.deb",
    "hash": "sha256-21Upv5qRwCoLmbtT+S7OBSYfZxlb/1d5Ne+RhzmgIPs="
  },
  "intel-oneapi-mkl-sycl-vm-2025.3": {
    "url": "https://apt.repos.intel.com/oneapi/pool/main/intel-oneapi-mkl-sycl-vm-2025.3-2025.3.0-461_amd64.deb",
    "hash": "sha256-Yt9zeNWZnpHwwSJAGAAPBpv3z344xTo6I/GmA7A1RxA="
  },
  "intel-oneapi-runtime-mkl": {
    "url": "https://apt.repos.intel.com/oneapi/pool/main/intel-oneapi-runtime-mkl-2025.3.0-461_amd64.deb",
    "hash": "sha256-eHZbxH4xzFcslSaH6KU0u25wGG5OoVzmeI9416pEMC0="
  }
}